
Microsoft Visual Studio Solution File, Format Version 12.00
# Visual Studio Version 17
VisualStudioVersion = 17.1.32414.318
MinimumVisualStudioVersion = 10.0.40219.1
Project("{FAE04EC0-301F-11D3-BF4B-00C04F79EFBC}") = "Lab3", "Lab3\Lab3.csproj", "{D3236109-168D-493D-845A-CAFDC1681D97}"
EndProject
Global
	GlobalSection(SolutionConfigurationPlatforms) = preSolution
		Debug|Any CPU = Debug|Any CPU
		Release|Any CPU = Release|Any CPU
	EndGlobalSection
	GlobalSection(ProjectConfigurationPlatforms) = postSolution
		{D3236109-168D-493D-845A-CAFDC1681D97}.Debug|Any CPU.ActiveCfg = Debug|Any CPU
		{D3236109-168D-493D-845A-CAFDC1681D97}.Debug|Any CPU.Build.0 = Debug|Any CPU
		{D3236109-168D-493D-845A-CAFDC1681D97}.Release|Any CPU.ActiveCfg = Release|Any CPU
		{D3236109-168D-493D-845A-CAFDC1681D97}.Release|Any CPU.Build.0 = Release|Any CPU
	EndGlobalSection
	GlobalSection(SolutionProperties) = preSolution
		HideSolutionNode = FALSE
	EndGlobalSection
	GlobalSection(ExtensibilityGlobals) = postSolution
		SolutionGuid = {02E960CF-D3C6-40BB-935D-943C83A72AEF}
	EndGlobalSection
EndGlobal
